
Microsoft Visual Studio Solution File, Format Version 12.00
# Visual Studio 15
VisualStudioVersion = 15.0.27428.2037
MinimumVisualStudioVersion = 10.0.40219.1
Project("{FAE04EC0-301F-11D3-BF4B-00C04F79EFBC}") = "FormApp.Android", "FormApp\FormApp.Android\FormApp.Android.csproj", "{1C555A6E-F014-40D7-BF80-5D411629DB0C}"
EndProject
Project("{FAE04EC0-301F-11D3-BF4B-00C04F79EFBC}") = "FormApp.iOS", "FormApp\FormApp.iOS\FormApp.iOS.csproj", "{5F2BDC17-AF65-4C02-908A-B76015FA3028}"
EndProject
Project("{FAE04EC0-301F-11D3-BF4B-00C04F79EFBC}") = "FormApp.UWP", "FormApp\FormApp.UWP\FormApp.UWP.csproj", "{D3A331E2-97ED-4A64-889A-2C5406625842}"
EndProject
Project("{FAE04EC0-301F-11D3-BF4B-00C04F79EFBC}") = "FormApp", "FormApp\FormApp\FormApp.csproj", "{7126D817-07D3-4712-83F7-FBCE7FF7A6F7}"
EndProject
Project("{FAE04EC0-301F-11D3-BF4B-00C04F79EFBC}") = "FormsGenerator", "..\FormsGenerator\FormsGenerator.csproj", "{DCD75CA3-AA4B-4B58-9501-0568D7433E93}"
EndProject
Global
	GlobalSection(SolutionConfigurationPlatforms) = preSolution
		Ad-Hoc|Any CPU = Ad-Hoc|Any CPU
		Ad-Hoc|ARM = Ad-Hoc|ARM
		Ad-Hoc|iPhone = Ad-Hoc|iPhone
		Ad-Hoc|iPhoneSimulator = Ad-Hoc|iPhoneSimulator
		Ad-Hoc|x64 = Ad-Hoc|x64
		Ad-Hoc|x86 = Ad-Hoc|x86
		AppStore|Any CPU = AppStore|Any CPU
		AppStore|ARM = AppStore|ARM
		AppStore|iPhone = AppStore|iPhone
		AppStore|iPhoneSimulator = AppStore|iPhoneSimulator
		AppStore|x64 = AppStore|x64
		AppStore|x86 = AppStore|x86
		Debug|Any CPU = Debug|Any CPU
		Debug|ARM = Debug|ARM
		Debug|iPhone = Debug|iPhone
		Debug|iPhoneSimulator = Debug|iPhoneSimulator
		Debug|x64 = Debug|x64
		Debug|x86 = Debug|x86
		Release|Any CPU = Release|Any CPU
		Release|ARM = Release|ARM
		Release|iPhone = Release|iPhone
		Release|iPhoneSimulator = Release|iPhoneSimulator
		Release|x64 = Release|x64
		Release|x86 = Release|x86
	EndGlobalSection
	GlobalSection(ProjectConfigurationPlatforms) = postSolution
		{1C555A6E-F014-40D7-BF80-5D411629DB0C}.Ad-Hoc|Any CPU.ActiveCfg = Release|Any CPU
		{1C555A6E-F014-40D7-BF80-5D411629DB0C}.Ad-Hoc|Any CPU.Build.0 = Release|Any CPU
		{1C555A6E-F014-40D7-BF80-5D411629DB0C}.Ad-Hoc|Any CPU.Deploy.0 = Release|Any CPU
		{1C555A6E-F014-40D7-BF80-5D411629DB0C}.Ad-Hoc|ARM.ActiveCfg = Release|Any CPU
		{1C555A6E-F014-40D7-BF80-5D411629DB0C}.Ad-Hoc|ARM.Build.0 = Release|Any CPU
		{1C555A6E-F014-40D7-BF80-5D411629DB0C}.Ad-Hoc|ARM.Deploy.0 = Release|Any CPU
		{1C555A6E-F014-40D7-BF80-5D411629DB0C}.Ad-Hoc|iPhone.ActiveCfg = Release|Any CPU
		{1C555A6E-F014-40D7-BF80-5D411629DB0C}.Ad-Hoc|iPhone.Build.0 = Release|Any CPU
		{1C555A6E-F014-40D7-BF80-5D411629DB0C}.Ad-Hoc|iPhone.Deploy.0 = Release|Any CPU
		{1C555A6E-F014-40D7-BF80-5D411629DB0C}.Ad-Hoc|iPhoneSimulator.ActiveCfg = Release|Any CPU
		{1C555A6E-F014-40D7-BF80-5D411629DB0C}.Ad-Hoc|iPhoneSimulator.Build.0 = Release|Any CPU
		{1C555A6E-F014-40D7-BF80-5D411629DB0C}.Ad-Hoc|iPhoneSimulator.Deploy.0 = Release|Any CPU
		{1C555A6E-F014-40D7-BF80-5D411629DB0C}.Ad-Hoc|x64.ActiveCfg = Release|Any CPU
		{1C555A6E-F014-40D7-BF80-5D411629DB0C}.Ad-Hoc|x64.Build.0 = Release|Any CPU
		{1C555A6E-F014-40D7-BF80-5D411629DB0C}.Ad-Hoc|x64.Deploy.0 = Release|Any CPU
		{1C555A6E-F014-40D7-BF80-5D411629DB0C}.Ad-Hoc|x86.ActiveCfg = Release|Any CPU
		{1C555A6E-F014-40D7-BF80-5D411629DB0C}.Ad-Hoc|x86.Build.0 = Release|Any CPU
		{1C555A6E-F014-40D7-BF80-5D411629DB0C}.Ad-Hoc|x86.Deploy.0 = Release|Any CPU
		{1C555A6E-F014-40D7-BF80-5D411629DB0C}.AppStore|Any CPU.ActiveCfg = Release|Any CPU
		{1C555A6E-F014-40D7-BF80-5D411629DB0C}.AppStore|Any CPU.Build.0 = Release|Any CPU
		{1C555A6E-F014-40D7-BF80-5D411629DB0C}.AppStore|Any CPU.Deploy.0 = Release|Any CPU
		{1C555A6E-F014-40D7-BF80-5D411629DB0C}.AppStore|ARM.ActiveCfg = Release|Any CPU
		{1C555A6E-F014-40D7-BF80-5D411629DB0C}.AppStore|ARM.Build.0 = Release|Any CPU
		{1C555A6E-F014-40D7-BF80-5D411629DB0C}.AppStore|ARM.Deploy.0 = Release|Any CPU
		{1C555A6E-F014-40D7-BF80-5D411629DB0C}.AppStore|iPhone.ActiveCfg = Release|Any CPU
		{1C555A6E-F014-40D7-BF80-5D411629DB0C}.AppStore|iPhone.Build.0 = Release|Any CPU
		{1C555A6E-F014-40D7-BF80-5D411629DB0C}.AppStore|iPhone.Deploy.0 = Release|Any CPU
		{1C555A6E-F014-40D7-BF80-5D411629DB0C}.AppStore|iPhoneSimulator.ActiveCfg = Release|Any CPU
		{1C555A6E-F014-40D7-BF80-5D411629DB0C}.AppStore|iPhoneSimulator.Build.0 = Release|Any CPU
		{1C555A6E-F014-40D7-BF80-5D411629DB0C}.AppStore|iPhoneSimulator.Deploy.0 = Release|Any CPU
		{1C555A6E-F014-40D7-BF80-5D411629DB0C}.AppStore|x64.ActiveCfg = Release|Any CPU
		{1C555A6E-F014-40D7-BF80-5D411629DB0C}.AppStore|x64.Build.0 = Release|Any CPU
		{1C555A6E-F014-40D7-BF80-5D411629DB0C}.AppStore|x64.Deploy.0 = Release|Any CPU
		{1C555A6E-F014-40D7-BF80-5D411629DB0C}.AppStore|x86.ActiveCfg = Release|Any CPU
		{1C555A6E-F014-40D7-BF80-5D411629DB0C}.AppStore|x86.Build.0 = Release|Any CPU
		{1C555A6E-F014-40D7-BF80-5D411629DB0C}.AppStore|x86.Deploy.0 = Release|Any CPU
		{1C555A6E-F014-40D7-BF80-5D411629DB0C}.Debug|Any CPU.ActiveCfg = Debug|Any CPU
		{1C555A6E-F014-40D7-BF80-5D411629DB0C}.Debug|Any CPU.Build.0 = Debug|Any CPU
		{1C555A6E-F014-40D7-BF80-5D411629DB0C}.Debug|Any CPU.Deploy.0 = Debug|Any CPU
		{1C555A6E-F014-40D7-BF80-5D411629DB0C}.Debug|ARM.ActiveCfg = Debug|Any CPU
		{1C555A6E-F014-40D7-BF80-5D411629DB0C}.Debug|ARM.Build.0 = Debug|Any CPU
		{1C555A6E-F014-40D7-BF80-5D411629DB0C}.Debug|ARM.Deploy.0 = Debug|Any CPU
		{1C555A6E-F014-40D7-BF80-5D411629DB0C}.Debug|iPhone.ActiveCfg = Debug|Any CPU
		{1C555A6E-F014-40D7-BF80-5D411629DB0C}.Debug|iPhone.Build.0 = Debug|Any CPU
		{1C555A6E-F014-40D7-BF80-5D411629DB0C}.Debug|iPhone.Deploy.0 = Debug|Any CPU
		{1C555A6E-F014-40D7-BF80-5D411629DB0C}.Debug|iPhoneSimulator.ActiveCfg = Debug|Any CPU
		{1C555A6E-F014-40D7-BF80-5D411629DB0C}.Debug|iPhoneSimulator.Build.0 = Debug|Any CPU
		{1C555A6E-F014-40D7-BF80-5D411629DB0C}.Debug|iPhoneSimulator.Deploy.0 = Debug|Any CPU
		{1C555A6E-F014-40D7-BF80-5D411629DB0C}.Debug|x64.ActiveCfg = Debug|Any CPU
		{1C555A6E-F014-40D7-BF80-5D411629DB0C}.Debug|x64.Build.0 = Debug|Any CPU
		{1C555A6E-F014-40D7-BF80-5D411629DB0C}.Debug|x64.Deploy.0 = Debug|Any CPU
		{1C555A6E-F014-40D7-BF80-5D411629DB0C}.Debug|x86.ActiveCfg = Debug|Any CPU
		{1C555A6E-F014-40D7-BF80-5D411629DB0C}.Debug|x86.Build.0 = Debug|Any CPU
		{1C555A6E-F014-40D7-BF80-5D411629DB0C}.Debug|x86.Deploy.0 = Debug|Any CPU
		{1C555A6E-F014-40D7-BF80-5D411629DB0C}.Release|Any CPU.ActiveCfg = Release|Any CPU
		{1C555A6E-F014-40D7-BF80-5D411629DB0C}.Release|Any CPU.Build.0 = Release|Any CPU
		{1C555A6E-F014-40D7-BF80-5D411629DB0C}.Release|Any CPU.Deploy.0 = Release|Any CPU
		{1C555A6E-F014-40D7-BF80-5D411629DB0C}.Release|ARM.ActiveCfg = Release|Any CPU
		{1C555A6E-F014-40D7-BF80-5D411629DB0C}.Release|ARM.Build.0 = Release|Any CPU
		{1C555A6E-F014-40D7-BF80-5D411629DB0C}.Release|ARM.Deploy.0 = Release|Any CPU
		{1C555A6E-F014-40D7-BF80-5D411629DB0C}.Release|iPhone.ActiveCfg = Release|Any CPU
		{1C555A6E-F014-40D7-BF80-5D411629DB0C}.Release|iPhone.Build.0 = Release|Any CPU
		{1C555A6E-F014-40D7-BF80-5D411629DB0C}.Release|iPhone.Deploy.0 = Release|Any CPU
		{1C555A6E-F014-40D7-BF80-5D411629DB0C}.Release|iPhoneSimulator.ActiveCfg = Release|Any CPU
		{1C555A6E-F014-40D7-BF80-5D411629DB0C}.Release|iPhoneSimulator.Build.0 = Release|Any CPU
		{1C555A6E-F014-40D7-BF80-5D411629DB0C}.Release|iPhoneSimulator.Deploy.0 = Release|Any CPU
		{1C555A6E-F014-40D7-BF80-5D411629DB0C}.Release|x64.ActiveCfg = Release|Any CPU
		{1C555A6E-F014-40D7-BF80-5D411629DB0C}.Release|x64.Build.0 = Release|Any CPU
		{1C555A6E-F014-40D7-BF80-5D411629DB0C}.Release|x64.Deploy.0 = Release|Any CPU
		{1C555A6E-F014-40D7-BF80-5D411629DB0C}.Release|x86.ActiveCfg = Release|Any CPU
		{1C555A6E-F014-40D7-BF80-5D411629DB0C}.Release|x86.Build.0 = Release|Any CPU
		{1C555A6E-F014-40D7-BF80-5D411629DB0C}.Release|x86.Deploy.0 = Release|Any CPU
		{5F2BDC17-AF65-4C02-908A-B76015FA3028}.Ad-Hoc|Any CPU.ActiveCfg = Ad-Hoc|iPhone
		{5F2BDC17-AF65-4C02-908A-B76015FA3028}.Ad-Hoc|ARM.ActiveCfg = Ad-Hoc|iPhone
		{5F2BDC17-AF65-4C02-908A-B76015FA3028}.Ad-Hoc|iPhone.ActiveCfg = Ad-Hoc|iPhone
		{5F2BDC17-AF65-4C02-908A-B76015FA3028}.Ad-Hoc|iPhone.Build.0 = Ad-Hoc|iPhone
		{5F2BDC17-AF65-4C02-908A-B76015FA3028}.Ad-Hoc|iPhoneSimulator.ActiveCfg = Ad-Hoc|iPhoneSimulator
		{5F2BDC17-AF65-4C02-908A-B76015FA3028}.Ad-Hoc|iPhoneSimulator.Build.0 = Ad-Hoc|iPhoneSimulator
		{5F2BDC17-AF65-4C02-908A-B76015FA3028}.Ad-Hoc|x64.ActiveCfg = Ad-Hoc|iPhone
		{5F2BDC17-AF65-4C02-908A-B76015FA3028}.Ad-Hoc|x86.ActiveCfg = Ad-Hoc|iPhone
		{5F2BDC17-AF65-4C02-908A-B76015FA3028}.AppStore|Any CPU.ActiveCfg = AppStore|iPhone
		{5F2BDC17-AF65-4C02-908A-B76015FA3028}.AppStore|ARM.ActiveCfg = AppStore|iPhone
		{5F2BDC17-AF65-4C02-908A-B76015FA3028}.AppStore|iPhone.ActiveCfg = AppStore|iPhone
		{5F2BDC17-AF65-4C02-908A-B76015FA3028}.AppStore|iPhone.Build.0 = AppStore|iPhone
		{5F2BDC17-AF65-4C02-908A-B76015FA3028}.AppStore|iPhoneSimulator.ActiveCfg = AppStore|iPhoneSimulator
		{5F2BDC17-AF65-4C02-908A-B76015FA3028}.AppStore|iPhoneSimulator.Build.0 = AppStore|iPhoneSimulator
		{5F2BDC17-AF65-4C02-908A-B76015FA3028}.AppStore|x64.ActiveCfg = AppStore|iPhone
		{5F2BDC17-AF65-4C02-908A-B76015FA3028}.AppStore|x86.ActiveCfg = AppStore|iPhone
		{5F2BDC17-AF65-4C02-908A-B76015FA3028}.Debug|Any CPU.ActiveCfg = Debug|iPhone
		{5F2BDC17-AF65-4C02-908A-B76015FA3028}.Debug|ARM.ActiveCfg = Debug|iPhone
		{5F2BDC17-AF65-4C02-908A-B76015FA3028}.Debug|iPhone.ActiveCfg = Debug|iPhone
		{5F2BDC17-AF65-4C02-908A-B76015FA3028}.Debug|iPhone.Build.0 = Debug|iPhone
		{5F2BDC17-AF65-4C02-908A-B76015FA3028}.Debug|iPhoneSimulator.ActiveCfg = Debug|iPhoneSimulator
		{5F2BDC17-AF65-4C02-908A-B76015FA3028}.Debug|iPhoneSimulator.Build.0 = Debug|iPhoneSimulator
		{5F2BDC17-AF65-4C02-908A-B76015FA3028}.Debug|x64.ActiveCfg = Debug|iPhone
		{5F2BDC17-AF65-4C02-908A-B76015FA3028}.Debug|x86.ActiveCfg = Debug|iPhone
		{5F2BDC17-AF65-4C02-908A-B76015FA3028}.Release|Any CPU.ActiveCfg = Release|iPhone
		{5F2BDC17-AF65-4C02-908A-B76015FA3028}.Release|ARM.ActiveCfg = Release|iPhone
		{5F2BDC17-AF65-4C02-908A-B76015FA3028}.Release|iPhone.ActiveCfg = Release|iPhone
		{5F2BDC17-AF65-4C02-908A-B76015FA3028}.Release|iPhone.Build.0 = Release|iPhone
		{5F2BDC17-AF65-4C02-908A-B76015FA3028}.Release|iPhoneSimulator.ActiveCfg = Release|iPhoneSimulator
		{5F2BDC17-AF65-4C02-908A-B76015FA3028}.Release|iPhoneSimulator.Build.0 = Release|iPhoneSimulator
		{5F2BDC17-AF65-4C02-908A-B76015FA3028}.Release|x64.ActiveCfg = Release|iPhone
		{5F2BDC17-AF65-4C02-908A-B76015FA3028}.Release|x86.ActiveCfg = Release|iPhone
		{D3A331E2-97ED-4A64-889A-2C5406625842}.Ad-Hoc|Any CPU.ActiveCfg = Release|x86
		{D3A331E2-97ED-4A64-889A-2C5406625842}.Ad-Hoc|Any CPU.Build.0 = Release|x86
		{D3A331E2-97ED-4A64-889A-2C5406625842}.Ad-Hoc|Any CPU.Deploy.0 = Release|x86
		{D3A331E2-97ED-4A64-889A-2C5406625842}.Ad-Hoc|ARM.ActiveCfg = Release|ARM
		{D3A331E2-97ED-4A64-889A-2C5406625842}.Ad-Hoc|ARM.Build.0 = Release|ARM
		{D3A331E2-97ED-4A64-889A-2C5406625842}.Ad-Hoc|ARM.Deploy.0 = Release|ARM
		{D3A331E2-97ED-4A64-889A-2C5406625842}.Ad-Hoc|iPhone.ActiveCfg = Release|x86
		{D3A331E2-97ED-4A64-889A-2C5406625842}.Ad-Hoc|iPhone.Build.0 = Release|x86
		{D3A331E2-97ED-4A64-889A-2C5406625842}.Ad-Hoc|iPhone.Deploy.0 = Release|x86
		{D3A331E2-97ED-4A64-889A-2C5406625842}.Ad-Hoc|iPhoneSimulator.ActiveCfg = Release|x86
		{D3A331E2-97ED-4A64-889A-2C5406625842}.Ad-Hoc|iPhoneSimulator.Build.0 = Release|x86
		{D3A331E2-97ED-4A64-889A-2C5406625842}.Ad-Hoc|iPhoneSimulator.Deploy.0 = Release|x86
		{D3A331E2-97ED-4A64-889A-2C5406625842}.Ad-Hoc|x64.ActiveCfg = Release|x64
		{D3A331E2-97ED-4A64-889A-2C5406625842}.Ad-Hoc|x64.Build.0 = Release|x64
		{D3A331E2-97ED-4A64-889A-2C5406625842}.Ad-Hoc|x64.Deploy.0 = Release|x64
		{D3A331E2-97ED-4A64-889A-2C5406625842}.Ad-Hoc|x86.ActiveCfg = Release|x86
		{D3A331E2-97ED-4A64-889A-2C5406625842}.Ad-Hoc|x86.Build.0 = Release|x86
		{D3A331E2-97ED-4A64-889A-2C5406625842}.Ad-Hoc|x86.Deploy.0 = Release|x86
		{D3A331E2-97ED-4A64-889A-2C5406625842}.AppStore|Any CPU.ActiveCfg = Release|x86
		{D3A331E2-97ED-4A64-889A-2C5406625842}.AppStore|Any CPU.Build.0 = Release|x86
		{D3A331E2-97ED-4A64-889A-2C5406625842}.AppStore|Any CPU.Deploy.0 = Release|x86
		{D3A331E2-97ED-4A64-889A-2C5406625842}.AppStore|ARM.ActiveCfg = Release|ARM
		{D3A331E2-97ED-4A64-889A-2C5406625842}.AppStore|ARM.Build.0 = Release|ARM
		{D3A331E2-97ED-4A64-889A-2C5406625842}.AppStore|ARM.Deploy.0 = Release|ARM
		{D3A331E2-97ED-4A64-889A-2C5406625842}.AppStore|iPhone.ActiveCfg = Release|x86
		{D3A331E2-97ED-4A64-889A-2C5406625842}.AppStore|iPhone.Build.0 = Release|x86
		{D3A331E2-97ED-4A64-889A-2C5406625842}.AppStore|iPhone.Deploy.0 = Release|x86
		{D3A331E2-97ED-4A64-889A-2C5406625842}.AppStore|iPhoneSimulator.ActiveCfg = Release|x86
		{D3A331E2-97ED-4A64-889A-2C5406625842}.AppStore|iPhoneSimulator.Build.0 = Release|x86
		{D3A331E2-97ED-4A64-889A-2C5406625842}.AppStore|iPhoneSimulator.Deploy.0 = Release|x86
		{D3A331E2-97ED-4A64-889A-2C5406625842}.AppStore|x64.ActiveCfg = Release|x64
		{D3A331E2-97ED-4A64-889A-2C5406625842}.AppStore|x64.Build.0 = Release|x64
		{D3A331E2-97ED-4A64-889A-2C5406625842}.AppStore|x64.Deploy.0 = Release|x64
		{D3A331E2-97ED-4A64-889A-2C5406625842}.AppStore|x86.ActiveCfg = Release|x86
		{D3A331E2-97ED-4A64-889A-2C5406625842}.AppStore|x86.Build.0 = Release|x86
		{D3A331E2-97ED-4A64-889A-2C5406625842}.AppStore|x86.Deploy.0 = Release|x86
		{D3A331E2-97ED-4A64-889A-2C5406625842}.Debug|Any CPU.ActiveCfg = Debug|x86
		{D3A331E2-97ED-4A64-889A-2C5406625842}.Debug|ARM.ActiveCfg = Debug|ARM
		{D3A331E2-97ED-4A64-889A-2C5406625842}.Debug|ARM.Build.0 = Debug|ARM
		{D3A331E2-97ED-4A64-889A-2C5406625842}.Debug|ARM.Deploy.0 = Debug|ARM
		{D3A331E2-97ED-4A64-889A-2C5406625842}.Debug|iPhone.ActiveCfg = Debug|x86
		{D3A331E2-97ED-4A64-889A-2C5406625842}.Debug|iPhoneSimulator.ActiveCfg = Debug|x86
		{D3A331E2-97ED-4A64-889A-2C5406625842}.Debug|x64.ActiveCfg = Debug|x64
		{D3A331E2-97ED-4A64-889A-2C5406625842}.Debug|x64.Build.0 = Debug|x64
		{D3A331E2-97ED-4A64-889A-2C5406625842}.Debug|x64.Deploy.0 = Debug|x64
		{D3A331E2-97ED-4A64-889A-2C5406625842}.Debug|x86.ActiveCfg = Debug|x86
		{D3A331E2-97ED-4A64-889A-2C5406625842}.Debug|x86.Build.0 = Debug|x86
		{D3A331E2-97ED-4A64-889A-2C5406625842}.Debug|x86.Deploy.0 = Debug|x86
		{D3A331E2-97ED-4A64-889A-2C5406625842}.Release|Any CPU.ActiveCfg = Release|x86
		{D3A331E2-97ED-4A64-889A-2C5406625842}.Release|ARM.ActiveCfg = Release|ARM
		{D3A331E2-97ED-4A64-889A-2C5406625842}.Release|ARM.Build.0 = Release|ARM
		{D3A331E2-97ED-4A64-889A-2C5406625842}.Release|ARM.Deploy.0 = Release|ARM
		{D3A331E2-97ED-4A64-889A-2C5406625842}.Release|iPhone.ActiveCfg = Release|x86
		{D3A331E2-97ED-4A64-889A-2C5406625842}.Release|iPhoneSimulator.ActiveCfg = Release|x86
		{D3A331E2-97ED-4A64-889A-2C5406625842}.Release|x64.ActiveCfg = Release|x64
		{D3A331E2-97ED-4A64-889A-2C5406625842}.Release|x64.Build.0 = Release|x64
		{D3A331E2-97ED-4A64-889A-2C5406625842}.Release|x64.Deploy.0 = Release|x64
		{D3A331E2-97ED-4A64-889A-2C5406625842}.Release|x86.ActiveCfg = Release|x86
		{D3A331E2-97ED-4A64-889A-2C5406625842}.Release|x86.Build.0 = Release|x86
		{D3A331E2-97ED-4A64-889A-2C5406625842}.Release|x86.Deploy.0 = Release|x86
		{7126D817-07D3-4712-83F7-FBCE7FF7A6F7}.Ad-Hoc|Any CPU.ActiveCfg = Debug|Any CPU
		{7126D817-07D3-4712-83F7-FBCE7FF7A6F7}.Ad-Hoc|Any CPU.Build.0 = Debug|Any CPU
		{7126D817-07D3-4712-83F7-FBCE7FF7A6F7}.Ad-Hoc|ARM.ActiveCfg = Debug|Any CPU
		{7126D817-07D3-4712-83F7-FBCE7FF7A6F7}.Ad-Hoc|ARM.Build.0 = Debug|Any CPU
		{7126D817-07D3-4712-83F7-FBCE7FF7A6F7}.Ad-Hoc|iPhone.ActiveCfg = Debug|Any CPU
		{7126D817-07D3-4712-83F7-FBCE7FF7A6F7}.Ad-Hoc|iPhone.Build.0 = Debug|Any CPU
		{7126D817-07D3-4712-83F7-FBCE7FF7A6F7}.Ad-Hoc|iPhoneSimulator.ActiveCfg = Debug|Any CPU
		{7126D817-07D3-4712-83F7-FBCE7FF7A6F7}.Ad-Hoc|iPhoneSimulator.Build.0 = Debug|Any CPU
		{7126D817-07D3-4712-83F7-FBCE7FF7A6F7}.Ad-Hoc|x64.ActiveCfg = Debug|Any CPU
		{7126D817-07D3-4712-83F7-FBCE7FF7A6F7}.Ad-Hoc|x64.Build.0 = Debug|Any CPU
		{7126D817-07D3-4712-83F7-FBCE7FF7A6F7}.Ad-Hoc|x86.ActiveCfg = Debug|Any CPU
		{7126D817-07D3-4712-83F7-FBCE7FF7A6F7}.Ad-Hoc|x86.Build.0 = Debug|Any CPU
		{7126D817-07D3-4712-83F7-FBCE7FF7A6F7}.AppStore|Any CPU.ActiveCfg = Debug|Any CPU
		{7126D817-07D3-4712-83F7-FBCE7FF7A6F7}.AppStore|Any CPU.Build.0 = Debug|Any CPU
		{7126D817-07D3-4712-83F7-FBCE7FF7A6F7}.AppStore|ARM.ActiveCfg = Debug|Any CPU
		{7126D817-07D3-4712-83F7-FBCE7FF7A6F7}.AppStore|ARM.Build.0 = Debug|Any CPU
		{7126D817-07D3-4712-83F7-FBCE7FF7A6F7}.AppStore|iPhone.ActiveCfg = Debug|Any CPU
		{7126D817-07D3-4712-83F7-FBCE7FF7A6F7}.AppStore|iPhone.Build.0 = Debug|Any CPU
		{7126D817-07D3-4712-83F7-FBCE7FF7A6F7}.AppStore|iPhoneSimulator.ActiveCfg = Debug|Any CPU
		{7126D817-07D3-4712-83F7-FBCE7FF7A6F7}.AppStore|iPhoneSimulator.Build.0 = Debug|Any CPU
		{7126D817-07D3-4712-83F7-FBCE7FF7A6F7}.AppStore|x64.ActiveCfg = Debug|Any CPU
		{7126D817-07D3-4712-83F7-FBCE7FF7A6F7}.AppStore|x64.Build.0 = Debug|Any CPU
		{7126D817-07D3-4712-83F7-FBCE7FF7A6F7}.AppStore|x86.ActiveCfg = Debug|Any CPU
		{7126D817-07D3-4712-83F7-FBCE7FF7A6F7}.AppStore|x86.Build.0 = Debug|Any CPU
		{7126D817-07D3-4712-83F7-FBCE7FF7A6F7}.Debug|Any CPU.ActiveCfg = Debug|Any CPU
		{7126D817-07D3-4712-83F7-FBCE7FF7A6F7}.Debug|Any CPU.Build.0 = Debug|Any CPU
		{7126D817-07D3-4712-83F7-FBCE7FF7A6F7}.Debug|ARM.ActiveCfg = Debug|Any CPU
		{7126D817-07D3-4712-83F7-FBCE7FF7A6F7}.Debug|ARM.Build.0 = Debug|Any CPU
		{7126D817-07D3-4712-83F7-FBCE7FF7A6F7}.Debug|iPhone.ActiveCfg = Debug|Any CPU
		{7126D817-07D3-4712-83F7-FBCE7FF7A6F7}.Debug|iPhone.Build.0 = Debug|Any CPU
		{7126D817-07D3-4712-83F7-FBCE7FF7A6F7}.Debug|iPhoneSimulator.ActiveCfg = Debug|Any CPU
		{7126D817-07D3-4712-83F7-FBCE7FF7A6F7}.Debug|iPhoneSimulator.Build.0 = Debug|Any CPU
		{7126D817-07D3-4712-83F7-FBCE7FF7A6F7}.Debug|x64.ActiveCfg = Debug|Any CPU
		{7126D817-07D3-4712-83F7-FBCE7FF7A6F7}.Debug|x64.Build.0 = Debug|Any CPU
		{7126D817-07D3-4712-83F7-FBCE7FF7A6F7}.Debug|x86.ActiveCfg = Debug|Any CPU
		{7126D817-07D3-4712-83F7-FBCE7FF7A6F7}.Debug|x86.Build.0 = Debug|Any CPU
		{7126D817-07D3-4712-83F7-FBCE7FF7A6F7}.Release|Any CPU.ActiveCfg = Release|Any CPU
		{7126D817-07D3-4712-83F7-FBCE7FF7A6F7}.Release|Any CPU.Build.0 = Release|Any CPU
		{7126D817-07D3-4712-83F7-FBCE7FF7A6F7}.Release|ARM.ActiveCfg = Release|Any CPU
		{7126D817-07D3-4712-83F7-FBCE7FF7A6F7}.Release|ARM.Build.0 = Release|Any CPU
		{7126D817-07D3-4712-83F7-FBCE7FF7A6F7}.Release|iPhone.ActiveCfg = Release|Any CPU
		{7126D817-07D3-4712-83F7-FBCE7FF7A6F7}.Release|iPhone.Build.0 = Release|Any CPU
		{7126D817-07D3-4712-83F7-FBCE7FF7A6F7}.Release|iPhoneSimulator.ActiveCfg = Release|Any CPU
		{7126D817-07D3-4712-83F7-FBCE7FF7A6F7}.Release|iPhoneSimulator.Build.0 = Release|Any CPU
		{7126D817-07D3-4712-83F7-FBCE7FF7A6F7}.Release|x64.ActiveCfg = Release|Any CPU
		{7126D817-07D3-4712-83F7-FBCE7FF7A6F7}.Release|x64.Build.0 = Release|Any CPU
		{7126D817-07D3-4712-83F7-FBCE7FF7A6F7}.Release|x86.ActiveCfg = Release|Any CPU
		{7126D817-07D3-4712-83F7-FBCE7FF7A6F7}.Release|x86.Build.0 = Release|Any CPU
		{DCD75CA3-AA4B-4B58-9501-0568D7433E93}.Ad-Hoc|Any CPU.ActiveCfg = Debug|Any CPU
		{DCD75CA3-AA4B-4B58-9501-0568D7433E93}.Ad-Hoc|Any CPU.Build.0 = Debug|Any CPU
		{DCD75CA3-AA4B-4B58-9501-0568D7433E93}.Ad-Hoc|ARM.ActiveCfg = Debug|Any CPU
		{DCD75CA3-AA4B-4B58-9501-0568D7433E93}.Ad-Hoc|ARM.Build.0 = Debug|Any CPU
		{DCD75CA3-AA4B-4B58-9501-0568D7433E93}.Ad-Hoc|iPhone.ActiveCfg = Debug|Any CPU
		{DCD75CA3-AA4B-4B58-9501-0568D7433E93}.Ad-Hoc|iPhone.Build.0 = Debug|Any CPU
		{DCD75CA3-AA4B-4B58-9501-0568D7433E93}.Ad-Hoc|iPhoneSimulator.ActiveCfg = Debug|Any CPU
		{DCD75CA3-AA4B-4B58-9501-0568D7433E93}.Ad-Hoc|iPhoneSimulator.Build.0 = Debug|Any CPU
		{DCD75CA3-AA4B-4B58-9501-0568D7433E93}.Ad-Hoc|x64.ActiveCfg = Debug|Any CPU
		{DCD75CA3-AA4B-4B58-9501-0568D7433E93}.Ad-Hoc|x64.Build.0 = Debug|Any CPU
		{DCD75CA3-AA4B-4B58-9501-0568D7433E93}.Ad-Hoc|x86.ActiveCfg = Debug|Any CPU
		{DCD75CA3-AA4B-4B58-9501-0568D7433E93}.Ad-Hoc|x86.Build.0 = Debug|Any CPU
		{DCD75CA3-AA4B-4B58-9501-0568D7433E93}.AppStore|Any CPU.ActiveCfg = Debug|Any CPU
		{DCD75CA3-AA4B-4B58-9501-0568D7433E93}.AppStore|Any CPU.Build.0 = Debug|Any CPU
		{DCD75CA3-AA4B-4B58-9501-0568D7433E93}.AppStore|ARM.ActiveCfg = Debug|Any CPU
		{DCD75CA3-AA4B-4B58-9501-0568D7433E93}.AppStore|ARM.Build.0 = Debug|Any CPU
		{DCD75CA3-AA4B-4B58-9501-0568D7433E93}.AppStore|iPhone.ActiveCfg = Debug|Any CPU
		{DCD75CA3-AA4B-4B58-9501-0568D7433E93}.AppStore|iPhone.Build.0 = Debug|Any CPU
		{DCD75CA3-AA4B-4B58-9501-0568D7433E93}.AppStore|iPhoneSimulator.ActiveCfg = Debug|Any CPU
		{DCD75CA3-AA4B-4B58-9501-0568D7433E93}.AppStore|iPhoneSimulator.Build.0 = Debug|Any CPU
		{DCD75CA3-AA4B-4B58-9501-0568D7433E93}.AppStore|x64.ActiveCfg = Debug|Any CPU
		{DCD75CA3-AA4B-4B58-9501-0568D7433E93}.AppStore|x64.Build.0 = Debug|Any CPU
		{DCD75CA3-AA4B-4B58-9501-0568D7433E93}.AppStore|x86.ActiveCfg = Debug|Any CPU
		{DCD75CA3-AA4B-4B58-9501-0568D7433E93}.AppStore|x86.Build.0 = Debug|Any CPU
		{DCD75CA3-AA4B-4B58-9501-0568D7433E93}.Debug|Any CPU.ActiveCfg = Debug|Any CPU
		{DCD75CA3-AA4B-4B58-9501-0568D7433E93}.Debug|Any CPU.Build.0 = Debug|Any CPU
		{DCD75CA3-AA4B-4B58-9501-0568D7433E93}.Debug|ARM.ActiveCfg = Debug|Any CPU
		{DCD75CA3-AA4B-4B58-9501-0568D7433E93}.Debug|ARM.Build.0 = Debug|Any CPU
		{DCD75CA3-AA4B-4B58-9501-0568D7433E93}.Debug|iPhone.ActiveCfg = Debug|Any CPU
		{DCD75CA3-AA4B-4B58-9501-0568D7433E93}.Debug|iPhone.Build.0 = Debug|Any CPU
		{DCD75CA3-AA4B-4B58-9501-0568D7433E93}.Debug|iPhoneSimulator.ActiveCfg = Debug|Any CPU
		{DCD75CA3-AA4B-4B58-9501-0568D7433E93}.Debug|iPhoneSimulator.Build.0 = Debug|Any CPU
		{DCD75CA3-AA4B-4B58-9501-0568D7433E93}.Debug|x64.ActiveCfg = Debug|Any CPU
		{DCD75CA3-AA4B-4B58-9501-0568D7433E93}.Debug|x64.Build.0 = Debug|Any CPU
		{DCD75CA3-AA4B-4B58-9501-0568D7433E93}.Debug|x86.ActiveCfg = Debug|Any CPU
		{DCD75CA3-AA4B-4B58-9501-0568D7433E93}.Debug|x86.Build.0 = Debug|Any CPU
		{DCD75CA3-AA4B-4B58-9501-0568D7433E93}.Release|Any CPU.ActiveCfg = Release|Any CPU
		{DCD75CA3-AA4B-4B58-9501-0568D7433E93}.Release|Any CPU.Build.0 = Release|Any CPU
		{DCD75CA3-AA4B-4B58-9501-0568D7433E93}.Release|ARM.ActiveCfg = Release|Any CPU
		{DCD75CA3-AA4B-4B58-9501-0568D7433E93}.Release|ARM.Build.0 = Release|Any CPU
		{DCD75CA3-AA4B-4B58-9501-0568D7433E93}.Release|iPhone.ActiveCfg = Release|Any CPU
		{DCD75CA3-AA4B-4B58-9501-0568D7433E93}.Release|iPhone.Build.0 = Release|Any CPU
		{DCD75CA3-AA4B-4B58-9501-0568D7433E93}.Release|iPhoneSimulator.ActiveCfg = Release|Any CPU
		{DCD75CA3-AA4B-4B58-9501-0568D7433E93}.Release|iPhoneSimulator.Build.0 = Release|Any CPU
		{DCD75CA3-AA4B-4B58-9501-0568D7433E93}.Release|x64.ActiveCfg = Release|Any CPU
		{DCD75CA3-AA4B-4B58-9501-0568D7433E93}.Release|x64.Build.0 = Release|Any CPU
		{DCD75CA3-AA4B-4B58-9501-0568D7433E93}.Release|x86.ActiveCfg = Release|Any CPU
		{DCD75CA3-AA4B-4B58-9501-0568D7433E93}.Release|x86.Build.0 = Release|Any CPU
	EndGlobalSection
	GlobalSection(SolutionProperties) = preSolution
		HideSolutionNode = FALSE
	EndGlobalSection
	GlobalSection(ExtensibilityGlobals) = postSolution
		SolutionGuid = {E0C499B6-3342-43AF-944F-9B2CDDA09FC9}
	EndGlobalSection
EndGlobal
